lockfileVersion: 5.4

specifiers:
  '@udecode/plate-core': ^18.7.0
  next: 13.0.1
  react: 18.2.0
  react-dom: 18.2.0
  scheduler: ^0.23.0
  slate: ^0.84.0
  slate-history: ^0.66.0
  slate-hyperscript: ^0.77.0
  slate-react: ^0.83.2

dependencies:
  '@udecode/plate-core': 18.7.0_jfip4vohw3xfsrwit4dt7h37u4
  next: 13.0.1_biqbaboplfbrettd7655fr4n2y
  react: 18.2.0
  react-dom: 18.2.0_react@18.2.0
  scheduler: 0.23.0
  slate: 0.84.0
  slate-history: 0.66.0_slate@0.84.0
  slate-hyperscript: 0.77.0_slate@0.84.0
  slate-react: 0.83.2_rfmbozn33mohlw2u2tgp67vxlm

packages:

  /@babel/runtime/7.20.1:
    resolution: {integrity: sha512-mrzLkl6U9YLF8qpqI7TB82PESyEGjm/0Ly91jG575eVxMMlb8fYfOXFZIJ8XfLrJZQbm7dlKry2bJmXBUEkdFg==}
    engines: {node: '>=6.9.0'}
    dependencies:
      regenerator-runtime: 0.13.10
    dev: false

  /@next/env/13.0.1:
    resolution: {integrity: sha512-gK60YoFae3s8qi5UgIzbvxOhsh5gKyEaiKH5+kLBUYXLlrPyWJR2xKBj2WqvHkO7wDX7/Hed3DAqjSpU4ijIvQ==}
    dev: false

  /@next/swc-android-arm-eabi/13.0.1:
    resolution: {integrity: sha512-M28QSbohZlNXNn//HY6lV2T3YaMzG58Jwr0YwOdVmOQv6i+7lu6xe3GqQu4kdqInqhLrBXnL+nabFuGTVSHtTg==}
    engines: {node: '>= 10'}
    cpu: [arm]
    os: [android]
    requiresBuild: true
    dev: false
    optional: true

  /@next/swc-android-arm64/13.0.1:
    resolution: {integrity: sha512-szmO/i6GoHcPXcbhUKhwBMETWHNXH3ITz9wfxwOOFBNKdDU8pjKsHL88lg28aOiQYZSU1sxu1v1p9KY5kJIZCg==}
    engines: {node: '>= 10'}
    cpu: [arm64]
    os: [android]
    requiresBuild: true
    dev: false
    optional: true

  /@next/swc-darwin-arm64/13.0.1:
    resolution: {integrity: sha512-O1RxCaiDNOjGZmdAp6SQoHUITt9aVDQXoR3lZ/TloI/NKRAyAV4u0KUUofK+KaZeHOmVTnPUaQuCyZSc3i1x5Q==}
    engines: {node: '>= 10'}
    cpu: [arm64]
    os: [darwin]
    requiresBuild: true
    dev: false
    optional: true

  /@next/swc-darwin-x64/13.0.1:
    resolution: {integrity: sha512-8E6BY/VO+QqQkthhoWgB8mJMw1NcN9Vhl2OwEwxv8jy2r3zjeU+WNRxz4y8RLbcY0R1h+vHlXuP0mLnuac84tQ==}
    engines: {node: '>= 10'}
    cpu: [x64]
    os: [darwin]
    requiresBuild: true
    dev: false
    optional: true

  /@next/swc-freebsd-x64/13.0.1:
    resolution: {integrity: sha512-ocwoOxm2KVwF50RyoAT+2RQPLlkyoF7sAqzMUVgj+S6+DTkY3iwH+Zpo0XAk2pnqT9qguOrKnEpq9EIx//+K7Q==}
    engines: {node: '>= 10'}
    cpu: [x64]
    os: [freebsd]
    requiresBuild: true
    dev: false
    optional: true

  /@next/swc-linux-arm-gnueabihf/13.0.1:
    resolution: {integrity: sha512-yO7e3zITfGol/N6lPQnmIRi0WyuILBMXrvH6EdmWzzqMDJFfTCII6l+B6gMO5WVDCTQUGQlQRNZ7sFqWR4I71g==}
    engines: {node: '>= 10'}
    cpu: [arm]
    os: [linux]
    requiresBuild: true
    dev: false
    optional: true

  /@next/swc-linux-arm64-gnu/13.0.1:
    resolution: {integrity: sha512-OEs6WDPDI8RyM8SjOqTDMqMBfOlU97VnW6ZMXUvzUTyH0K9c7NF+cn7UMu+I4tKFN0uJ9WQs/6TYaFBGkgoVVA==}
    engines: {node: '>= 10'}
    cpu: [arm64]
    os: [linux]
    requiresBuild: true
    dev: false
    optional: true

  /@next/swc-linux-arm64-musl/13.0.1:
    resolution: {integrity: sha512-y5ypFK0Y3urZSFoQxbtDqvKsBx026sz+Fm+xHlPWlGHNZrbs3Q812iONjcZTo09QwRMk5X86iMWBRxV18xMhaw==}
    engines: {node: '>= 10'}
    cpu: [arm64]
    os: [linux]
    requiresBuild: true
    dev: false
    optional: true

  /@next/swc-linux-x64-gnu/13.0.1:
    resolution: {integrity: sha512-XDIHEE6SU8VCF+dUVntD6PDv6RK31N0forx9kucZBYirbe8vCZ+Yx8hYgvtIaGrTcWtGxibxmND0pIuHDq8H5g==}
    engines: {node: '>= 10'}
    cpu: [x64]
    os: [linux]
    requiresBuild: true
    dev: false
    optional: true

  /@next/swc-linux-x64-musl/13.0.1:
    resolution: {integrity: sha512-yxIOuuz5EOx0F1FDtsyzaLgnDym0Ysxv8CWeJyDTKKmt9BVyITg6q/cD+RP9bEkT1TQi+PYXIMATSz675Q82xw==}
    engines: {node: '>= 10'}
    cpu: [x64]
    os: [linux]
    requiresBuild: true
    dev: false
    optional: true

  /@next/swc-win32-arm64-msvc/13.0.1:
    resolution: {integrity: sha512-+ucLe2qgQzP+FM94jD4ns6LDGyMFaX9k3lVHqu/tsQCy2giMymbport4y4p77mYcXEMlDaHMzlHgOQyHRniWFA==}
    engines: {node: '>= 10'}
    cpu: [arm64]
    os: [win32]
    requiresBuild: true
    dev: false
    optional: true

  /@next/swc-win32-ia32-msvc/13.0.1:
    resolution: {integrity: sha512-Krr/qGN7OB35oZuvMAZKoXDt2IapynIWLh5A5rz6AODb7f/ZJqyAuZSK12vOa2zKdobS36Qm4IlxxBqn9c00MA==}
    engines: {node: '>= 10'}
    cpu: [ia32]
    os: [win32]
    requiresBuild: true
    dev: false
    optional: true

  /@next/swc-win32-x64-msvc/13.0.1:
    resolution: {integrity: sha512-t/0G33t/6VGWZUGCOT7rG42qqvf/x+MrFp1CU+8CN6PrjSSL57R5bqkXfubV9t4eCEnUxVP+5Hn3MoEXEebtEw==}
    engines: {node: '>= 10'}
    cpu: [x64]
    os: [win32]
    requiresBuild: true
    dev: false
    optional: true

  /@radix-ui/react-compose-refs/1.0.0_react@18.2.0:
    resolution: {integrity: sha512-0KaSv6sx787/hK3eF53iOkiSLwAGlFMx5lotrqD2pTjB18KbybKoEIgkNZTKC60YECDQTKGTRcDBILwZVqVKvA==}
    peerDependencies:
      react: ^16.8 || ^17.0 || ^18.0
    dependencies:
      '@babel/runtime': 7.20.1
      react: 18.2.0
    dev: false

  /@radix-ui/react-slot/1.0.1_react@18.2.0:
    resolution: {integrity: sha512-avutXAFL1ehGvAXtPquu0YK5oz6ctS474iM3vNGQIkswrVhdrS52e3uoMQBzZhNRAIE0jBnUyXWNmSjGHhCFcw==}
    peerDependencies:
      react: ^16.8 || ^17.0 || ^18.0
    dependencies:
      '@babel/runtime': 7.20.1
      '@radix-ui/react-compose-refs': 1.0.0_react@18.2.0
      react: 18.2.0
    dev: false

  /@swc/helpers/0.4.11:
    resolution: {integrity: sha512-rEUrBSGIoSFuYxwBYtlUFMlE2CwGhmW+w9355/5oduSw8e5h2+Tj4UrAGNNgP9915++wj5vkQo0UuOBqOAq4nw==}
    dependencies:
      tslib: 2.4.1
    dev: false

  /@types/is-hotkey/0.1.7:
    resolution: {integrity: sha512-yB5C7zcOM7idwYZZ1wKQ3pTfjA9BbvFqRWvKB46GFddxnJtHwi/b9y84ykQtxQPg5qhdpg4Q/kWU3EGoCTmLzQ==}
    dev: false

  /@types/lodash/4.14.187:
    resolution: {integrity: sha512-MrO/xLXCaUgZy3y96C/iOsaIqZSeupyTImKClHunL5GrmaiII2VwvWmLBu2hwa0Kp0sV19CsyjtrTc/Fx8rg/A==}
    dev: false

  /@udecode/plate-core/18.7.0_jfip4vohw3xfsrwit4dt7h37u4:
    resolution: {integrity: sha512-3GEBhpuGHIuhrOVuIw43y6W3fNZ7rq08GBbkxPSj2P44u0/vyHsvWlksDINHF11zfA/Mesu7hBQa5Ez5vAkXbA==}
    peerDependencies:
      react: '>=16.8.0'
      react-dom: '>=16.8.0'
      slate: '>=0.78.0'
      slate-history: '>=0.66.0'
      slate-react: '>=0.79.0'
    dependencies:
      '@radix-ui/react-slot': 1.0.1_react@18.2.0
      '@udecode/zustood': 1.1.3_k5yycr66bppcbyzstzabg5wwe4
      clsx: 1.2.1
      jotai: 1.9.1_react@18.2.0
      lodash: 4.17.21
      nanoid: 3.3.4
      react: 18.2.0
      react-dom: 18.2.0_react@18.2.0
      react-hotkeys-hook: 3.4.7_biqbaboplfbrettd7655fr4n2y
      slate: 0.84.0
      slate-history: 0.66.0_slate@0.84.0
      slate-react: 0.83.2_rfmbozn33mohlw2u2tgp67vxlm
      use-deep-compare: 1.1.0_react@18.2.0
      zustand: 3.7.2_react@18.2.0
    transitivePeerDependencies:
      - '@babel/core'
      - '@babel/template'
      - immer
      - jotai-tanstack-query
      - jotai-urql
      - optics-ts
      - react-native
      - scheduler
      - valtio
      - xstate
    dev: false

  /@udecode/zustood/1.1.3_k5yycr66bppcbyzstzabg5wwe4:
    resolution: {integrity: sha512-f3mxHDaOF+q2XvDh/mMvLhCNs0LfCLhIBl8jGmvZT/i3WWq7YujzGXgnbK8mxIkun9irfe6wlPhg9sTIB9Gnug==}
    peerDependencies:
      zustand: '>=3.5.10'
    dependencies:
      immer: 9.0.16
      react-tracked: 1.7.10_2szjah6qrhd6fr2kgr64p4pjgm
      zustand: 3.7.2_react@18.2.0
    transitivePeerDependencies:
      - react
      - react-dom
      - react-native
      - scheduler
    dev: false

  /caniuse-lite/1.0.30001429:
    resolution: {integrity: sha512-511ThLu1hF+5RRRt0zYCf2U2yRr9GPF6m5y90SBCWsvSoYoW7yAGlv/elyPaNfvGCkp6kj/KFZWU0BMA69Prsg==}
    dev: false

  /client-only/0.0.1:
    resolution: {integrity: sha512-IV3Ou0jSMzZrd3pZ48nLkT9DA7Ag1pnPzaiQhpW7c3RbcqqzvzzVu+L8gfqMp/8IM2MQtSiqaCxrrcfu8I8rMA==}
    dev: false

  /clsx/1.2.1:
    resolution: {integrity: sha512-EcR6r5a8bj6pu3ycsa/E/cKVGuTgZJZdsyUYHOksG/UHIiKfjxzRxYJpyVBwYaQeOvghal9fcc4PidlgzugAQg==}
    engines: {node: '>=6'}
    dev: false

  /compute-scroll-into-view/1.0.17:
    resolution: {integrity: sha512-j4dx+Fb0URmzbwwMUrhqWM2BEWHdFGx+qZ9qqASHRPqvTYdqvWnHg0H1hIbcyLnvgnoNAVMlwkepyqM3DaIFUg==}
    dev: false

  /dequal/1.0.0:
    resolution: {integrity: sha512-/Nd1EQbQbI9UbSHrMiKZjFLrXSnU328iQdZKPQf78XQI6C+gutkFUeoHpG5J08Ioa6HeRbRNFpSIclh1xyG0mw==}
    engines: {node: '>=6'}
    dev: false

  /direction/1.0.4:
    resolution: {integrity: sha512-GYqKi1aH7PJXxdhTeZBFrg8vUBeKXi+cNprXsC1kpJcbcVnV9wBsrOu1cQEdG0WeQwlfHiy3XvnKfIrJ2R0NzQ==}
    hasBin: true
    dev: false

  /hotkeys-js/3.9.4:
    resolution: {integrity: sha512-2zuLt85Ta+gIyvs4N88pCYskNrxf1TFv3LR9t5mdAZIX8BcgQQ48F2opUptvHa6m8zsy5v/a0i9mWzTrlNWU0Q==}
    dev: false

  /immer/9.0.16:
    resolution: {integrity: sha512-qenGE7CstVm1NrHQbMh8YaSzTZTFNP3zPqr3YU0S0UY441j4bJTg4A2Hh5KAhwgaiU6ZZ1Ar6y/2f4TblnMReQ==}
    dev: false

  /is-hotkey/0.1.8:
    resolution: {integrity: sha512-qs3NZ1INIS+H+yeo7cD9pDfwYV/jqRh1JG9S9zYrNudkoUQg7OL7ziXqRKu+InFjUIDoP2o6HIkLYMh1pcWgyQ==}
    dev: false

  /is-plain-object/5.0.0:
    resolution: {integrity: sha512-VRSzKkbMm5jMDoKLbltAkFQ5Qr7VDiTFGXxYFXXowVj387GeGNOCsOH6Msy00SGZ3Fp84b1Naa1psqgcCIEP5Q==}
    engines: {node: '>=0.10.0'}
    dev: false

  /jotai/1.9.1_react@18.2.0:
    resolution: {integrity: sha512-rDmmDL6owX4Kg5fAV0arjGVJmT1VYnkROwAx/PgpMkYCzvHEtABm8qnq/Ki5o5/GFGbvdfE11VNP1brDWP7+9w==}
    engines: {node: '>=12.7.0'}
    peerDependencies:
      '@babel/core': '*'
      '@babel/template': '*'
      immer: '*'
      jotai-tanstack-query: '*'
      jotai-urql: '*'
      optics-ts: '*'
      react: '>=16.8'
      valtio: '*'
      xstate: '*'
    peerDependenciesMeta:
      '@babel/core':
        optional: true
      '@babel/template':
        optional: true
      immer:
        optional: true
      jotai-tanstack-query:
        optional: true
      jotai-urql:
        optional: true
      optics-ts:
        optional: true
      valtio:
        optional: true
      xstate:
        optional: true
    dependencies:
      react: 18.2.0
    dev: false

  /js-tokens/4.0.0:
    resolution: {integrity: sha512-RdJUflcE3cUzKiMqQgsCu06FPu9UdIJO0beYbPhHN4k6apgJtifcoCtT9bcxOpYBtpD2kCM6Sbzg4CausW/PKQ==}
    dev: false

  /lodash/4.17.21:
    resolution: {integrity: sha512-v2kDEe57lecTulaDIuNTPy3Ry4gLGJ6Z1O3vE1krgXZNrsQ+LFTGHVxVjcXPs17LhbZVGedAJv8XZ1tvj5FvSg==}
    dev: false

  /loose-envify/1.4.0:
    resolution: {integrity: sha512-lyuxPGr/Wfhrlem2CL/UcnUc1zcqKAImBDzukY7Y5F/yQiNdko6+fRLevlw1HgMySw7f611UIY408EtxRSoK3Q==}
    hasBin: true
    dependencies:
      js-tokens: 4.0.0
    dev: false

  /nanoid/3.3.4:
    resolution: {integrity: sha512-MqBkQh/OHTS2egovRtLk45wEyNXwF+cokD+1YPf9u5VfJiRdAiRwB2froX5Co9Rh20xs4siNPm8naNotSD6RBw==}
    engines: {node: ^10 || ^12 || ^13.7 || ^14 || >=15.0.1}
    hasBin: true
    dev: false

  /next/13.0.1_biqbaboplfbrettd7655fr4n2y:
    resolution: {integrity: sha512-ErCNBPIeZMKFn6hX+ZBSlqZVgJIeitEqhGTuQUNmYXJ07/A71DZ7AJI8eyHYUdBb686LUpV1/oBdTq9RpzRVPg==}
    engines: {node: '>=14.6.0'}
    hasBin: true
    peerDependencies:
      fibers: '>= 3.1.0'
      node-sass: ^6.0.0 || ^7.0.0
      react: ^18.2.0
      react-dom: ^18.2.0
      sass: ^1.3.0
    peerDependenciesMeta:
      fibers:
        optional: true
      node-sass:
        optional: true
      sass:
        optional: true
    dependencies:
      '@next/env': 13.0.1
      '@swc/helpers': 0.4.11
      caniuse-lite: 1.0.30001429
      postcss: 8.4.14
      react: 18.2.0
      react-dom: 18.2.0_react@18.2.0
      styled-jsx: 5.1.0_react@18.2.0
      use-sync-external-store: 1.2.0_react@18.2.0
    optionalDependencies:
      '@next/swc-android-arm-eabi': 13.0.1
      '@next/swc-android-arm64': 13.0.1
      '@next/swc-darwin-arm64': 13.0.1
      '@next/swc-darwin-x64': 13.0.1
      '@next/swc-freebsd-x64': 13.0.1
      '@next/swc-linux-arm-gnueabihf': 13.0.1
      '@next/swc-linux-arm64-gnu': 13.0.1
      '@next/swc-linux-arm64-musl': 13.0.1
      '@next/swc-linux-x64-gnu': 13.0.1
      '@next/swc-linux-x64-musl': 13.0.1
      '@next/swc-win32-arm64-msvc': 13.0.1
      '@next/swc-win32-ia32-msvc': 13.0.1
      '@next/swc-win32-x64-msvc': 13.0.1
    transitivePeerDependencies:
      - '@babel/core'
      - babel-plugin-macros
    dev: false

  /picocolors/1.0.0:
    resolution: {integrity: sha512-1fygroTLlHu66zi26VoTDv8yRgm0Fccecssto+MhsZ0D/DGW2sm8E8AjW7NU5VVTRt5GxbeZ5qBuJr+HyLYkjQ==}
    dev: false

  /postcss/8.4.14:
    resolution: {integrity: sha512-E398TUmfAYFPBSdzgeieK2Y1+1cpdxJx8yXbK/m57nRhKSmk1GB2tO4lbLBtlkfPQTDKfe4Xqv1ASWPpayPEig==}
    engines: {node: ^10 || ^12 || >=14}
    dependencies:
      nanoid: 3.3.4
      picocolors: 1.0.0
      source-map-js: 1.0.2
    dev: false

  /proxy-compare/2.3.0:
    resolution: {integrity: sha512-c3L2CcAi7f7pvlD0D7xsF+2CQIW8C3HaYx2Pfgq8eA4HAl3GAH6/dVYsyBbYF/0XJs2ziGLrzmz5fmzPm6A0pQ==}
    dev: false

  /react-dom/18.2.0_react@18.2.0:
    resolution: {integrity: sha512-6IMTriUmvsjHUjNtEDudZfuDQUoWXVxKHhlEGSk81n4YFS+r/Kl99wXiwlVXtPBtJenozv2P+hxDsw9eA7Xo6g==}
    peerDependencies:
      react: ^18.2.0
    dependencies:
      loose-envify: 1.4.0
      react: 18.2.0
      scheduler: 0.23.0
    dev: false

  /react-hotkeys-hook/3.4.7_biqbaboplfbrettd7655fr4n2y:
    resolution: {integrity: sha512-+bbPmhPAl6ns9VkXkNNyxlmCAIyDAcWbB76O4I0ntr3uWCRuIQf/aRLartUahe9chVMPj+OEzzfk3CQSjclUEQ==}
    peerDependencies:
      react: '>=16.8.1'
      react-dom: '>=16.8.1'
    dependencies:
      hotkeys-js: 3.9.4
      react: 18.2.0
      react-dom: 18.2.0_react@18.2.0
    dev: false

  /react-tracked/1.7.10_2szjah6qrhd6fr2kgr64p4pjgm:
    resolution: {integrity: sha512-+zOm+Pr+zFrrEOwtLUtHwoxf9Kg7Ur7OMjD9kNFw5JA9lAs+mInXVEOvwpReEoR2FQMS4KUFxLv5VYoR5ADBiQ==}
    peerDependencies:
      react: '>=16.8.0'
      react-dom: '*'
      react-native: '*'
      scheduler: '>=0.19.0'
    peerDependenciesMeta:
      react-dom:
        optional: true
      react-native:
        optional: true
    dependencies:
      proxy-compare: 2.3.0
      react: 18.2.0
      react-dom: 18.2.0_react@18.2.0
      scheduler: 0.23.0
      use-context-selector: 1.4.1_2szjah6qrhd6fr2kgr64p4pjgm
    dev: false

  /react/18.2.0:
    resolution: {integrity: sha512-/3IjMdb2L9QbBdWiW5e3P2/npwMBaU9mHCSCUzNln0ZCYbcfTsGbTJrU/kGemdH2IWmB2ioZ+zkxtmq6g09fGQ==}
    engines: {node: '>=0.10.0'}
    dependencies:
      loose-envify: 1.4.0
    dev: false

  /regenerator-runtime/0.13.10:
    resolution: {integrity: sha512-KepLsg4dU12hryUO7bp/axHAKvwGOCV0sGloQtpagJ12ai+ojVDqkeGSiRX1zlq+kjIMZ1t7gpze+26QqtdGqw==}
    dev: false

  /scheduler/0.23.0:
    resolution: {integrity: sha512-CtuThmgHNg7zIZWAXi3AsyIzA3n4xx7aNyjwC2VJldO2LMVDhFK+63xGqq6CsJH4rTAt6/M+N4GhZiDYPx9eUw==}
    dependencies:
      loose-envify: 1.4.0
    dev: false

  /scroll-into-view-if-needed/2.2.29:
    resolution: {integrity: sha512-hxpAR6AN+Gh53AdAimHM6C8oTN1ppwVZITihix+WqalywBeFcQ6LdQP5ABNl26nX8GTEL7VT+b8lKpdqq65wXg==}
    dependencies:
      compute-scroll-into-view: 1.0.17
    dev: false

  /slate-history/0.66.0_slate@0.84.0:
    resolution: {integrity: sha512-6MWpxGQZiMvSINlCbMW43E2YBSVMCMCIwQfBzGssjWw4kb0qfvj0pIdblWNRQZD0hR6WHP+dHHgGSeVdMWzfng==}
    peerDependencies:
      slate: '>=0.65.3'
    dependencies:
      is-plain-object: 5.0.0
      slate: 0.84.0
    dev: false

  /slate-hyperscript/0.77.0_slate@0.84.0:
    resolution: {integrity: sha512-M6uRpttwKnosniQORNPYQABHQ9XWC7qaSr/127LWWPjTOR5MSSwrHGrghN81BhZVqpICHrI7jkPA2813cWdHNA==}
    peerDependencies:
      slate: '>=0.65.3'
    dependencies:
      is-plain-object: 5.0.0
      slate: 0.84.0
    dev: false

  /slate-react/0.83.2_rfmbozn33mohlw2u2tgp67vxlm:
    resolution: {integrity: sha512-V5qtPsCOiDVCMU3ovj/CWndxx9/as5/wGJxnbJDRVzuazSh+NVw/YuGTlus1fCt+Nlt6UHOhFvM7C9pXYaftPA==}
    peerDependencies:
      react: '>=16.8.0'
      react-dom: '>=16.8.0'
      slate: '>=0.65.3'
    dependencies:
      '@types/is-hotkey': 0.1.7
      '@types/lodash': 4.14.187
      direction: 1.0.4
      is-hotkey: 0.1.8
      is-plain-object: 5.0.0
      lodash: 4.17.21
      react: 18.2.0
      react-dom: 18.2.0_react@18.2.0
      scroll-into-view-if-needed: 2.2.29
      slate: 0.84.0
      tiny-invariant: 1.0.6
    dev: false

  /slate/0.84.0:
    resolution: {integrity: sha512-jAxK10V9nAtAFr6PpCfLdLi+VYNmAOMKC/PIaOWH2HGTrmZEY2XxJt4kbnRNVEbUHkQ1dqaBImVLsVzdoUL8/w==}
    dependencies:
      immer: 9.0.16
      is-plain-object: 5.0.0
      tiny-warning: 1.0.3
    dev: false

  /source-map-js/1.0.2:
    resolution: {integrity: sha512-R0XvVJ9WusLiqTCEiGCmICCMplcCkIwwR11mOSD9CR5u+IXYdiseeEuXCVAjS54zqwkLcPNnmU4OeJ6tUrWhDw==}
    engines: {node: '>=0.10.0'}
    dev: false

  /styled-jsx/5.1.0_react@18.2.0:
    resolution: {integrity: sha512-/iHaRJt9U7T+5tp6TRelLnqBqiaIT0HsO0+vgyj8hK2KUk7aejFqRrumqPUlAqDwAj8IbS/1hk3IhBAAK/FCUQ==}
    engines: {node: '>= 12.0.0'}
    peerDependencies:
      '@babel/core': '*'
      babel-plugin-macros: '*'
      react: '>= 16.8.0 || 17.x.x || ^18.0.0-0'
    peerDependenciesMeta:
      '@babel/core':
        optional: true
      babel-plugin-macros:
        optional: true
    dependencies:
      client-only: 0.0.1
      react: 18.2.0
    dev: false

  /tiny-invariant/1.0.6:
    resolution: {integrity: sha512-FOyLWWVjG+aC0UqG76V53yAWdXfH8bO6FNmyZOuUrzDzK8DI3/JRY25UD7+g49JWM1LXwymsKERB+DzI0dTEQA==}
    dev: false

  /tiny-warning/1.0.3:
    resolution: {integrity: sha512-lBN9zLN/oAf68o3zNXYrdCt1kP8WsiGW8Oo2ka41b2IM5JL/S1CTyX1rW0mb/zSuJun0ZUrDxx4sqvYS2FWzPA==}
    dev: false

  /tslib/2.4.1:
    resolution: {integrity: sha512-tGyy4dAjRIEwI7BzsB0lynWgOpfqjUdq91XXAlIWD2OwKBH7oCl/GZG/HT4BOHrTlPMOASlMQ7veyTqpmRcrNA==}
    dev: false

  /use-context-selector/1.4.1_2szjah6qrhd6fr2kgr64p4pjgm:
    resolution: {integrity: sha512-Io2ArvcRO+6MWIhkdfMFt+WKQX+Vb++W8DS2l03z/Vw/rz3BclKpM0ynr4LYGyU85Eke+Yx5oIhTY++QR0ZDoA==}
    peerDependencies:
      react: '>=16.8.0'
      react-dom: '*'
      react-native: '*'
      scheduler: '>=0.19.0'
    peerDependenciesMeta:
      react-dom:
        optional: true
      react-native:
        optional: true
    dependencies:
      react: 18.2.0
      react-dom: 18.2.0_react@18.2.0
      scheduler: 0.23.0
    dev: false

  /use-deep-compare/1.1.0_react@18.2.0:
    resolution: {integrity: sha512-6yY3zmKNCJ1jjIivfZMZMReZjr8e6iC6Uqtp701jvWJ6ejC/usXD+JjmslZDPJQgX8P4B1Oi5XSLHkOLeYSJsA==}
    peerDependencies:
      react: '>=16.8.0'
    dependencies:
      dequal: 1.0.0
      react: 18.2.0
    dev: false

  /use-sync-external-store/1.2.0_react@18.2.0:
    resolution: {integrity: sha512-eEgnFxGQ1Ife9bzYs6VLi8/4X6CObHMw9Qr9tPY43iKwsPw8xE8+EFsf/2cFZ5S3esXgpWgtSCtLNS41F+sKPA==}
    peerDependencies:
      react: ^16.8.0 || ^17.0.0 || ^18.0.0
    dependencies:
      react: 18.2.0
    dev: false

  /zustand/3.7.2_react@18.2.0:
    resolution: {integrity: sha512-PIJDIZKtokhof+9+60cpockVOq05sJzHCriyvaLBmEJixseQ1a5Kdov6fWZfWOu5SK9c+FhH1jU0tntLxRJYMA==}
    engines: {node: '>=12.7.0'}
    peerDependencies:
      react: '>=16.8'
    peerDependenciesMeta:
      react:
        optional: true
    dependencies:
      react: 18.2.0
    dev: false
